
Microsoft Visual Studio Solution File, Format Version 12.00
# Visual Studio Version 17
VisualStudioVersion = 17.7.34003.232
MinimumVisualStudioVersion = 10.0.40219.1
Project("{FAE04EC0-301F-11D3-BF4B-00C04F79EFBC}") = "HeroAPI", "HeroAPI\HeroAPI.csproj", "{77888745-EF86-4D49-8AAC-435D8B62115F}"
EndProject
Global
	GlobalSection(SolutionConfigurationPlatforms) = preSolution
		Debug|Any CPU = Debug|Any CPU
		Release|Any CPU = Release|Any CPU
	EndGlobalSection
	GlobalSection(ProjectConfigurationPlatforms) = postSolution
		{77888745-EF86-4D49-8AAC-435D8B62115F}.Debug|Any CPU.ActiveCfg = Debug|Any CPU
		{77888745-EF86-4D49-8AAC-435D8B62115F}.Debug|Any CPU.Build.0 = Debug|Any CPU
		{77888745-EF86-4D49-8AAC-435D8B62115F}.Release|Any CPU.ActiveCfg = Release|Any CPU
		{77888745-EF86-4D49-8AAC-435D8B62115F}.Release|Any CPU.Build.0 = Release|Any CPU
	EndGlobalSection
	GlobalSection(SolutionProperties) = preSolution
		HideSolutionNode = FALSE
	EndGlobalSection
	GlobalSection(ExtensibilityGlobals) = postSolution
		SolutionGuid = {5B09207C-0CDF-412B-AF27-A9709D6D4B9B}
	EndGlobalSection
EndGlobal
